
Microsoft Visual Studio Solution File, Format Version 12.00
# Visual Studio Version 17
VisualStudioVersion = 17.4.33213.308
MinimumVisualStudioVersion = 10.0.40219.1
Project("{9A19103F-16F7-4668-BE54-9A1E7A4F7556}") = "AksBlobDownloader", "AksBlobDownloader\AksBlobDownloader.csproj", "{9F869C9B-0D38-45DA-9EE5-CC1F39039000}"
EndProject
Project("{2150E333-8FDC-42A3-9474-1A3956D46DE8}") = "Sln Files", "Sln Files", "{055DBA52-B64B-44CA-BE30-0AAFC72293E4}"
	ProjectSection(SolutionItems) = preProject
		deploy.ps1 = deploy.ps1
		README.md = README.md
	EndProjectSection
EndProject
Global
	GlobalSection(SolutionConfigurationPlatforms) = preSolution
		Debug|Any CPU = Debug|Any CPU
		Release|Any CPU = Release|Any CPU
	EndGlobalSection
	GlobalSection(ProjectConfigurationPlatforms) = postSolution
		{9F869C9B-0D38-45DA-9EE5-CC1F39039000}.Debug|Any CPU.ActiveCfg = Debug|Any CPU
		{9F869C9B-0D38-45DA-9EE5-CC1F39039000}.Debug|Any CPU.Build.0 = Debug|Any CPU
		{9F869C9B-0D38-45DA-9EE5-CC1F39039000}.Release|Any CPU.ActiveCfg = Release|Any CPU
		{9F869C9B-0D38-45DA-9EE5-CC1F39039000}.Release|Any CPU.Build.0 = Release|Any CPU
	EndGlobalSection
	GlobalSection(SolutionProperties) = preSolution
		HideSolutionNode = FALSE
	EndGlobalSection
	GlobalSection(ExtensibilityGlobals) = postSolution
		SolutionGuid = {488A3C5D-1980-48BF-9D23-1C5BEAD42484}
	EndGlobalSection
EndGlobal
